
Microsoft Visual Studio Solution File, Format Version 12.00
# Visual Studio Version 17
VisualStudioVersion = 17.8.34330.188
MinimumVisualStudioVersion = 10.0.40219.1
Project("{FAE04EC0-301F-11D3-BF4B-00C04F79EFBC}") = "SuperFarmer", "SuperFarmer.csproj", "{09A6537F-8EF0-46CF-B2E1-D91384A773B5}"
EndProject
Global
	GlobalSection(SolutionConfigurationPlatforms) = preSolution
		Debug|Any CPU = Debug|Any CPU
		Release|Any CPU = Release|Any CPU
	EndGlobalSection
	GlobalSection(ProjectConfigurationPlatforms) = postSolution
		{09A6537F-8EF0-46CF-B2E1-D91384A773B5}.Debug|Any CPU.ActiveCfg = Debug|Any CPU
		{09A6537F-8EF0-46CF-B2E1-D91384A773B5}.Debug|Any CPU.Build.0 = Debug|Any CPU
		{09A6537F-8EF0-46CF-B2E1-D91384A773B5}.Release|Any CPU.ActiveCfg = Release|Any CPU
		{09A6537F-8EF0-46CF-B2E1-D91384A773B5}.Release|Any CPU.Build.0 = Release|Any CPU
	EndGlobalSection
	GlobalSection(SolutionProperties) = preSolution
		HideSolutionNode = FALSE
	EndGlobalSection
	GlobalSection(ExtensibilityGlobals) = postSolution
		SolutionGuid = {31247FEF-3ACC-49E4-8745-5BC933A44EBE}
	EndGlobalSection
EndGlobal
